
Microsoft Visual Studio Solution File, Format Version 12.00
# Visual Studio Version 17
VisualStudioVersion = 17.4.33205.214
MinimumVisualStudioVersion = 10.0.40219.1
Project("{FAE04EC0-301F-11D3-BF4B-00C04F79EFBC}") = "InventoryAssignment", "InventoryAssignment\InventoryAssignment.csproj", "{493437EA-FA5D-48DB-ACDD-677B241354DF}"
EndProject
Project("{FAE04EC0-301F-11D3-BF4B-00C04F79EFBC}") = "ClassLibrary1", "ClassLibrary1\ClassLibrary1.csproj", "{A7F770FF-1AE0-40D7-BA94-FED0FE48753A}"
EndProject
Global
	GlobalSection(SolutionConfigurationPlatforms) = preSolution
		Debug|Any CPU = Debug|Any CPU
		Release|Any CPU = Release|Any CPU
	EndGlobalSection
	GlobalSection(ProjectConfigurationPlatforms) = postSolution
		{493437EA-FA5D-48DB-ACDD-677B241354DF}.Debug|Any CPU.ActiveCfg = Debug|Any CPU
		{493437EA-FA5D-48DB-ACDD-677B241354DF}.Debug|Any CPU.Build.0 = Debug|Any CPU
		{493437EA-FA5D-48DB-ACDD-677B241354DF}.Release|Any CPU.ActiveCfg = Release|Any CPU
		{493437EA-FA5D-48DB-ACDD-677B241354DF}.Release|Any CPU.Build.0 = Release|Any CPU
		{A7F770FF-1AE0-40D7-BA94-FED0FE48753A}.Debug|Any CPU.ActiveCfg = Debug|Any CPU
		{A7F770FF-1AE0-40D7-BA94-FED0FE48753A}.Debug|Any CPU.Build.0 = Debug|Any CPU
		{A7F770FF-1AE0-40D7-BA94-FED0FE48753A}.Release|Any CPU.ActiveCfg = Release|Any CPU
		{A7F770FF-1AE0-40D7-BA94-FED0FE48753A}.Release|Any CPU.Build.0 = Release|Any CPU
	EndGlobalSection
	GlobalSection(SolutionProperties) = preSolution
		HideSolutionNode = FALSE
	EndGlobalSection
	GlobalSection(ExtensibilityGlobals) = postSolution
		SolutionGuid = {E9DCB72C-AA3F-46AE-86B8-D83A33D16BA0}
	EndGlobalSection
EndGlobal
